
Microsoft Visual Studio Solution File, Format Version 12.00
# Visual Studio 15
VisualStudioVersion = 15.0.28010.2050
MinimumVisualStudioVersion = 10.0.40219.1
Project("{FAE04EC0-301F-11D3-BF4B-00C04F79EFBC}") = "GoldBadgeChallengesRedo", "GoldBadgeChallengesRedo\GoldBadgeChallengesRedo.csproj", "{58965DCE-7645-4D18-A76F-AEDDB3F20F61}"
EndProject
Project("{FAE04EC0-301F-11D3-BF4B-00C04F79EFBC}") = "InsuranceClaim", "InsuranceClaim\InsuranceClaim.csproj", "{B9E6C0DA-F019-4DD3-855D-7690A13C4853}"
EndProject
Project("{FAE04EC0-301F-11D3-BF4B-00C04F79EFBC}") = "CompanyOutings", "CompanyOutings\CompanyOutings.csproj", "{3C3CBC54-09ED-4E1C-B0EC-1FA754ED0C70}"
EndProject
Project("{FAE04EC0-301F-11D3-BF4B-00C04F79EFBC}") = "CompanyOutings1", "CompanyOutings1\CompanyOutings1.csproj", "{62E5E9ED-B709-460D-8802-C9DDF937EB3B}"
EndProject
Project("{9A19103F-16F7-4668-BE54-9A1E7A4F7556}") = "Badge_System", "Badge_System\Badge_System.csproj", "{741DB7F8-2711-4145-BF3E-4329741F9592}"
EndProject
Project("{FAE04EC0-301F-11D3-BF4B-00C04F79EFBC}") = "EmailGreeting2", "EmailGreeting2\EmailGreeting2.csproj", "{8AED7CCB-B783-451E-A195-804DB9FD7FFC}"
EndProject
Project("{FAE04EC0-301F-11D3-BF4B-00C04F79EFBC}") = "BadgeSystem", "BadgeSystem\BadgeSystem.csproj", "{ADC146B7-FBD3-477D-9D37-664E8CFFBB05}"
EndProject
Global
	GlobalSection(SolutionConfigurationPlatforms) = preSolution
		Debug|Any CPU = Debug|Any CPU
		Release|Any CPU = Release|Any CPU
	EndGlobalSection
	GlobalSection(ProjectConfigurationPlatforms) = postSolution
		{58965DCE-7645-4D18-A76F-AEDDB3F20F61}.Debug|Any CPU.ActiveCfg = Debug|Any CPU
		{58965DCE-7645-4D18-A76F-AEDDB3F20F61}.Debug|Any CPU.Build.0 = Debug|Any CPU
		{58965DCE-7645-4D18-A76F-AEDDB3F20F61}.Release|Any CPU.ActiveCfg = Release|Any CPU
		{58965DCE-7645-4D18-A76F-AEDDB3F20F61}.Release|Any CPU.Build.0 = Release|Any CPU
		{B9E6C0DA-F019-4DD3-855D-7690A13C4853}.Debug|Any CPU.ActiveCfg = Debug|Any CPU
		{B9E6C0DA-F019-4DD3-855D-7690A13C4853}.Debug|Any CPU.Build.0 = Debug|Any CPU
		{B9E6C0DA-F019-4DD3-855D-7690A13C4853}.Release|Any CPU.ActiveCfg = Release|Any CPU
		{B9E6C0DA-F019-4DD3-855D-7690A13C4853}.Release|Any CPU.Build.0 = Release|Any CPU
		{3C3CBC54-09ED-4E1C-B0EC-1FA754ED0C70}.Debug|Any CPU.ActiveCfg = Debug|Any CPU
		{3C3CBC54-09ED-4E1C-B0EC-1FA754ED0C70}.Debug|Any CPU.Build.0 = Debug|Any CPU
		{3C3CBC54-09ED-4E1C-B0EC-1FA754ED0C70}.Release|Any CPU.ActiveCfg = Release|Any CPU
		{3C3CBC54-09ED-4E1C-B0EC-1FA754ED0C70}.Release|Any CPU.Build.0 = Release|Any CPU
		{62E5E9ED-B709-460D-8802-C9DDF937EB3B}.Debug|Any CPU.ActiveCfg = Debug|Any CPU
		{62E5E9ED-B709-460D-8802-C9DDF937EB3B}.Debug|Any CPU.Build.0 = Debug|Any CPU
		{62E5E9ED-B709-460D-8802-C9DDF937EB3B}.Release|Any CPU.ActiveCfg = Release|Any CPU
		{62E5E9ED-B709-460D-8802-C9DDF937EB3B}.Release|Any CPU.Build.0 = Release|Any CPU
		{741DB7F8-2711-4145-BF3E-4329741F9592}.Debug|Any CPU.ActiveCfg = Debug|Any CPU
		{741DB7F8-2711-4145-BF3E-4329741F9592}.Debug|Any CPU.Build.0 = Debug|Any CPU
		{741DB7F8-2711-4145-BF3E-4329741F9592}.Release|Any CPU.ActiveCfg = Release|Any CPU
		{741DB7F8-2711-4145-BF3E-4329741F9592}.Release|Any CPU.Build.0 = Release|Any CPU
		{8AED7CCB-B783-451E-A195-804DB9FD7FFC}.Debug|Any CPU.ActiveCfg = Debug|Any CPU
		{8AED7CCB-B783-451E-A195-804DB9FD7FFC}.Debug|Any CPU.Build.0 = Debug|Any CPU
		{8AED7CCB-B783-451E-A195-804DB9FD7FFC}.Release|Any CPU.ActiveCfg = Release|Any CPU
		{8AED7CCB-B783-451E-A195-804DB9FD7FFC}.Release|Any CPU.Build.0 = Release|Any CPU
		{ADC146B7-FBD3-477D-9D37-664E8CFFBB05}.Debug|Any CPU.ActiveCfg = Debug|Any CPU
		{ADC146B7-FBD3-477D-9D37-664E8CFFBB05}.Debug|Any CPU.Build.0 = Debug|Any CPU
		{ADC146B7-FBD3-477D-9D37-664E8CFFBB05}.Release|Any CPU.ActiveCfg = Release|Any CPU
		{ADC146B7-FBD3-477D-9D37-664E8CFFBB05}.Release|Any CPU.Build.0 = Release|Any CPU
	EndGlobalSection
	GlobalSection(SolutionProperties) = preSolution
		HideSolutionNode = FALSE
	EndGlobalSection
	GlobalSection(ExtensibilityGlobals) = postSolution
		SolutionGuid = {1DD9C85D-7DB8-46CA-979D-5F0ABDDAAF87}
	EndGlobalSection
EndGlobal
